
Microsoft Visual Studio Solution File, Format Version 12.00
# Visual Studio Version 16
VisualStudioVersion = 16.0.30114.105
MinimumVisualStudioVersion = 10.0.40219.1
Project("{FAE04EC0-301F-11D3-BF4B-00C04F79EFBC}") = "timify.Business", "timify.Business\timify.Business.csproj", "{7D0C85BC-994F-4D73-93AE-2BA4CF5BB673}"
EndProject
Project("{FAE04EC0-301F-11D3-BF4B-00C04F79EFBC}") = "timify.Core", "timify.Core\timify.Core.csproj", "{CD0741C5-6D9F-4CF1-A459-804DE261877E}"
EndProject
Project("{FAE04EC0-301F-11D3-BF4B-00C04F79EFBC}") = "timify.Service", "timify.Service\timify.Service.csproj", "{3BE9A95E-7E9B-439C-A746-9E3EE70458D3}"
EndProject
Project("{FAE04EC0-301F-11D3-BF4B-00C04F79EFBC}") = "timify.Ui", "timify.Ui\timify.Ui.csproj", "{2E3D0BE9-D163-4346-8EA0-9BA644412500}"
EndProject
Global
	GlobalSection(SolutionConfigurationPlatforms) = preSolution
		Debug|Any CPU = Debug|Any CPU
		Debug|x64 = Debug|x64
		Debug|x86 = Debug|x86
		Release|Any CPU = Release|Any CPU
		Release|x64 = Release|x64
		Release|x86 = Release|x86
	EndGlobalSection
	GlobalSection(SolutionProperties) = preSolution
		HideSolutionNode = FALSE
	EndGlobalSection
	GlobalSection(ProjectConfigurationPlatforms) = postSolution
		{7D0C85BC-994F-4D73-93AE-2BA4CF5BB673}.Debug|Any CPU.ActiveCfg = Debug|Any CPU
		{7D0C85BC-994F-4D73-93AE-2BA4CF5BB673}.Debug|Any CPU.Build.0 = Debug|Any CPU
		{7D0C85BC-994F-4D73-93AE-2BA4CF5BB673}.Debug|x64.ActiveCfg = Debug|Any CPU
		{7D0C85BC-994F-4D73-93AE-2BA4CF5BB673}.Debug|x64.Build.0 = Debug|Any CPU
		{7D0C85BC-994F-4D73-93AE-2BA4CF5BB673}.Debug|x86.ActiveCfg = Debug|Any CPU
		{7D0C85BC-994F-4D73-93AE-2BA4CF5BB673}.Debug|x86.Build.0 = Debug|Any CPU
		{7D0C85BC-994F-4D73-93AE-2BA4CF5BB673}.Release|Any CPU.ActiveCfg = Release|Any CPU
		{7D0C85BC-994F-4D73-93AE-2BA4CF5BB673}.Release|Any CPU.Build.0 = Release|Any CPU
		{7D0C85BC-994F-4D73-93AE-2BA4CF5BB673}.Release|x64.ActiveCfg = Release|Any CPU
		{7D0C85BC-994F-4D73-93AE-2BA4CF5BB673}.Release|x64.Build.0 = Release|Any CPU
		{7D0C85BC-994F-4D73-93AE-2BA4CF5BB673}.Release|x86.ActiveCfg = Release|Any CPU
		{7D0C85BC-994F-4D73-93AE-2BA4CF5BB673}.Release|x86.Build.0 = Release|Any CPU
		{CD0741C5-6D9F-4CF1-A459-804DE261877E}.Debug|Any CPU.ActiveCfg = Debug|Any CPU
		{CD0741C5-6D9F-4CF1-A459-804DE261877E}.Debug|Any CPU.Build.0 = Debug|Any CPU
		{CD0741C5-6D9F-4CF1-A459-804DE261877E}.Debug|x64.ActiveCfg = Debug|Any CPU
		{CD0741C5-6D9F-4CF1-A459-804DE261877E}.Debug|x64.Build.0 = Debug|Any CPU
		{CD0741C5-6D9F-4CF1-A459-804DE261877E}.Debug|x86.ActiveCfg = Debug|Any CPU
		{CD0741C5-6D9F-4CF1-A459-804DE261877E}.Debug|x86.Build.0 = Debug|Any CPU
		{CD0741C5-6D9F-4CF1-A459-804DE261877E}.Release|Any CPU.ActiveCfg = Release|Any CPU
		{CD0741C5-6D9F-4CF1-A459-804DE261877E}.Release|Any CPU.Build.0 = Release|Any CPU
		{CD0741C5-6D9F-4CF1-A459-804DE261877E}.Release|x64.ActiveCfg = Release|Any CPU
		{CD0741C5-6D9F-4CF1-A459-804DE261877E}.Release|x64.Build.0 = Release|Any CPU
		{CD0741C5-6D9F-4CF1-A459-804DE261877E}.Release|x86.ActiveCfg = Release|Any CPU
		{CD0741C5-6D9F-4CF1-A459-804DE261877E}.Release|x86.Build.0 = Release|Any CPU
		{3BE9A95E-7E9B-439C-A746-9E3EE70458D3}.Debug|Any CPU.ActiveCfg = Debug|Any CPU
		{3BE9A95E-7E9B-439C-A746-9E3EE70458D3}.Debug|Any CPU.Build.0 = Debug|Any CPU
		{3BE9A95E-7E9B-439C-A746-9E3EE70458D3}.Debug|x64.ActiveCfg = Debug|Any CPU
		{3BE9A95E-7E9B-439C-A746-9E3EE70458D3}.Debug|x64.Build.0 = Debug|Any CPU
		{3BE9A95E-7E9B-439C-A746-9E3EE70458D3}.Debug|x86.ActiveCfg = Debug|Any CPU
		{3BE9A95E-7E9B-439C-A746-9E3EE70458D3}.Debug|x86.Build.0 = Debug|Any CPU
		{3BE9A95E-7E9B-439C-A746-9E3EE70458D3}.Release|Any CPU.ActiveCfg = Release|Any CPU
		{3BE9A95E-7E9B-439C-A746-9E3EE70458D3}.Release|Any CPU.Build.0 = Release|Any CPU
		{3BE9A95E-7E9B-439C-A746-9E3EE70458D3}.Release|x64.ActiveCfg = Release|Any CPU
		{3BE9A95E-7E9B-439C-A746-9E3EE70458D3}.Release|x64.Build.0 = Release|Any CPU
		{3BE9A95E-7E9B-439C-A746-9E3EE70458D3}.Release|x86.ActiveCfg = Release|Any CPU
		{3BE9A95E-7E9B-439C-A746-9E3EE70458D3}.Release|x86.Build.0 = Release|Any CPU
		{2E3D0BE9-D163-4346-8EA0-9BA644412500}.Debug|Any CPU.ActiveCfg = Debug|Any CPU
		{2E3D0BE9-D163-4346-8EA0-9BA644412500}.Debug|Any CPU.Build.0 = Debug|Any CPU
		{2E3D0BE9-D163-4346-8EA0-9BA644412500}.Debug|x64.ActiveCfg = Debug|Any CPU
		{2E3D0BE9-D163-4346-8EA0-9BA644412500}.Debug|x64.Build.0 = Debug|Any CPU
		{2E3D0BE9-D163-4346-8EA0-9BA644412500}.Debug|x86.ActiveCfg = Debug|Any CPU
		{2E3D0BE9-D163-4346-8EA0-9BA644412500}.Debug|x86.Build.0 = Debug|Any CPU
		{2E3D0BE9-D163-4346-8EA0-9BA644412500}.Release|Any CPU.ActiveCfg = Release|Any CPU
		{2E3D0BE9-D163-4346-8EA0-9BA644412500}.Release|Any CPU.Build.0 = Release|Any CPU
		{2E3D0BE9-D163-4346-8EA0-9BA644412500}.Release|x64.ActiveCfg = Release|Any CPU
		{2E3D0BE9-D163-4346-8EA0-9BA644412500}.Release|x64.Build.0 = Release|Any CPU
		{2E3D0BE9-D163-4346-8EA0-9BA644412500}.Release|x86.ActiveCfg = Release|Any CPU
		{2E3D0BE9-D163-4346-8EA0-9BA644412500}.Release|x86.Build.0 = Release|Any CPU
	EndGlobalSection
EndGlobal
